// !$*UTF8*$!
{
	archiveVersion = 1;
	classes = {
	};
	objectVersion = 48;
	objects = {

/* Begin PBXBuildFile section */
		5223A7FE205AAE5F009C93ED /* NewTableViewCell.swift in Sources */ = {isa = PBXBuildFile; fileRef = 5223A7FD205AAE5F009C93ED /* NewTableViewCell.swift */; };
		522852C22036E9DC00C33AE8 /* SaveListTVC.swift in Sources */ = {isa = PBXBuildFile; fileRef = 522852C12036E9DC00C33AE8 /* SaveListTVC.swift */; };
		522852C42036EAAD00C33AE8 /* Header.swift in Sources */ = {isa = PBXBuildFile; fileRef = 522852C32036EAAD00C33AE8 /* Header.swift */; };
		522852C62036EAC900C33AE8 /* Subtitle.swift in Sources */ = {isa = PBXBuildFile; fileRef = 522852C52036EAC900C33AE8 /* Subtitle.swift */; };
		522852C82036ED5A00C33AE8 /* HeaderTVCell.swift in Sources */ = {isa = PBXBuildFile; fileRef = 522852C72036ED5A00C33AE8 /* HeaderTVCell.swift */; };
		522852CA2036EDB000C33AE8 /* SubtitleTVCell.swift in Sources */ = {isa = PBXBuildFile; fileRef = 522852C92036EDB000C33AE8 /* SubtitleTVCell.swift */; };
		522EB4E42018CDB700BF74AB /* AppDelegate.swift in Sources */ = {isa = PBXBuildFile; fileRef = 522EB4E32018CDB700BF74AB /* AppDelegate.swift */; };
		522EB4E92018CDB700BF74AB /* Main.storyboard in Resources */ = {isa = PBXBuildFile; fileRef = 522EB4E72018CDB700BF74AB /* Main.storyboard */; };
		522EB4EC2018CDB700BF74AB /* CheckList.xcdatamodeld in Sources */ = {isa = PBXBuildFile; fileRef = 522EB4EA2018CDB700BF74AB /* CheckList.xcdatamodeld */; };
		522EB4EE2018CDB700BF74AB /* Assets.xcassets in Resources */ = {isa = PBXBuildFile; fileRef = 522EB4ED2018CDB700BF74AB /* Assets.xcassets */; };
		522EB4F12018CDB700BF74AB /* LaunchScreen.storyboard in Resources */ = {isa = PBXBuildFile; fileRef = 522EB4EF2018CDB700BF74AB /* LaunchScreen.storyboard */; };
		522EB4F92018CE1500BF74AB /* FirstListViewController.swift in Sources */ = {isa = PBXBuildFile; fileRef = 522EB4F82018CE1500BF74AB /* FirstListViewController.swift */; };
		5238B63E2047EE34001F16C3 /* SaveArray.swift in Sources */ = {isa = PBXBuildFile; fileRef = 5238B63D2047EE34001F16C3 /* SaveArray.swift */; };
		523F74392029968F00742008 /* ChooseList.swift in Sources */ = {isa = PBXBuildFile; fileRef = 523F74382029968F00742008 /* ChooseList.swift */; };
		523F743B202996B900742008 /* ReadyList.swift in Sources */ = {isa = PBXBuildFile; fileRef = 523F743A202996B900742008 /* ReadyList.swift */; };
		523F743E2029982B00742008 /* ReadyListTVC.swift in Sources */ = {isa = PBXBuildFile; fileRef = 523F743D2029982B00742008 /* ReadyListTVC.swift */; };
		523F74452029B8FB00742008 /* ReadyTextTableViewCell.swift in Sources */ = {isa = PBXBuildFile; fileRef = 523F74442029B8FB00742008 /* ReadyTextTableViewCell.swift */; };
		523F74472029C6C900742008 /* ChooseTableViewCell.swift in Sources */ = {isa = PBXBuildFile; fileRef = 523F74462029C6C900742008 /* ChooseTableViewCell.swift */; };
		52628254202833B500D1CB4E /* NewListViewController.swift in Sources */ = {isa = PBXBuildFile; fileRef = 52628253202833B500D1CB4E /* NewListViewController.swift */; };
		5262825C20287A8800D1CB4E /* CoreData.swift in Sources */ = {isa = PBXBuildFile; fileRef = 5262825B20287A8800D1CB4E /* CoreData.swift */; };
		526912F12019F7D500A64709 /* SaveChekListTVC.swift in Sources */ = {isa = PBXBuildFile; fileRef = 526912F02019F7D500A64709 /* SaveChekListTVC.swift */; };
		52AB1B5D204184C40015ED05 /* ChoiseWithUserDefaults.swift in Sources */ = {isa = PBXBuildFile; fileRef = 52AB1B5C204184C40015ED05 /* ChoiseWithUserDefaults.swift */; };
		52BCAB9F20230D37003AEE59 /* ChooseListTVC.swift in Sources */ = {isa = PBXBuildFile; fileRef = 52BCAB9E20230D37003AEE59 /* ChooseListTVC.swift */; };
		52BCABA120232823003AEE59 /* MemberTVC.swift in Sources */ = {isa = PBXBuildFile; fileRef = 52BCABA020232823003AEE59 /* MemberTVC.swift */; };
		52BCABA320232AFE003AEE59 /* AddRemaindViewController.swift in Sources */ = {isa = PBXBuildFile; fileRef = 52BCABA220232AFE003AEE59 /* AddRemaindViewController.swift */; };
		52C523502033315E00CE196E /* WeatherTableViewController.swift in Sources */ = {isa = PBXBuildFile; fileRef = 52C5234F2033315E00CE196E /* WeatherTableViewController.swift */; };
		52EE186D20334E7100B6FB79 /* Weather.swift in Sources */ = {isa = PBXBuildFile; fileRef = 52EE186C20334E7100B6FB79 /* Weather.swift */; };
/* End PBXBuildFile section */

/* Begin PBXFileReference section */
		5223A7FD205AAE5F009C93ED /* NewTableViewCell.swift */ = {isa = PBXFileReference; lastKnownFileType = sourcecode.swift; path = NewTableViewCell.swift; sourceTree = "<group>"; };
		522852C12036E9DC00C33AE8 /* SaveListTVC.swift */ = {isa = PBXFileReference; lastKnownFileType = sourcecode.swift; path = SaveListTVC.swift; sourceTree = "<group>"; };
		522852C32036EAAD00C33AE8 /* Header.swift */ = {isa = PBXFileReference; lastKnownFileType = sourcecode.swift; path = Header.swift; sourceTree = "<group>"; };
		522852C52036EAC900C33AE8 /* Subtitle.swift */ = {isa = PBXFileReference; lastKnownFileType = sourcecode.swift; path = Subtitle.swift; sourceTree = "<group>"; };
		522852C72036ED5A00C33AE8 /* HeaderTVCell.swift */ = {isa = PBXFileReference; lastKnownFileType = sourcecode.swift; path = HeaderTVCell.swift; sourceTree = "<group>"; };
		522852C92036EDB000C33AE8 /* SubtitleTVCell.swift */ = {isa = PBXFileReference; lastKnownFileType = sourcecode.swift; path = SubtitleTVCell.swift; sourceTree = "<group>"; };
		522EB4E02018CDB700BF74AB /* CheckList.app */ = {isa = PBXFileReference; explicitFileType = wrapper.application; includeInIndex = 0; path = CheckList.app; sourceTree = BUILT_PRODUCTS_DIR; };
		522EB4E32018CDB700BF74AB /* AppDelegate.swift */ = {isa = PBXFileReference; lastKnownFileType = sourcecode.swift; path = AppDelegate.swift; sourceTree = "<group>"; };
		522EB4E82018CDB700BF74AB /* Base */ = {isa = PBXFileReference; lastKnownFileType = file.storyboard; name = Base; path = Base.lproj/Main.storyboard; sourceTree = "<group>"; };
		522EB4EB2018CDB700BF74AB /* CheckList.xcdatamodel */ = {isa = PBXFileReference; lastKnownFileType = wrapper.xcdatamodel; path = CheckList.xcdatamodel; sourceTree = "<group>"; };
		522EB4ED2018CDB700BF74AB /* Assets.xcassets */ = {isa = PBXFileReference; lastKnownFileType = folder.assetcatalog; path = Assets.xcassets; sourceTree = "<group>"; };
		522EB4F02018CDB700BF74AB /* Base */ = {isa = PBXFileReference; lastKnownFileType = file.storyboard; name = Base; path = Base.lproj/LaunchScreen.storyboard; sourceTree = "<group>"; };
		522EB4F22018CDB700BF74AB /* Info.plist */ = {isa = PBXFileReference; lastKnownFileType = text.plist.xml; path = Info.plist; sourceTree = "<group>"; };
		522EB4F82018CE1500BF74AB /* FirstListViewController.swift */ = {isa = PBXFileReference; lastKnownFileType = sourcecode.swift; path = FirstListViewController.swift; sourceTree = "<group>"; };
		5238B63D2047EE34001F16C3 /* SaveArray.swift */ = {isa = PBXFileReference; lastKnownFileType = sourcecode.swift; path = SaveArray.swift; sourceTree = "<group>"; };
		523F74382029968F00742008 /* ChooseList.swift */ = {isa = PBXFileReference; lastKnownFileType = sourcecode.swift; path = ChooseList.swift; sourceTree = "<group>"; };
		523F743A202996B900742008 /* ReadyList.swift */ = {isa = PBXFileReference; lastKnownFileType = sourcecode.swift; path = ReadyList.swift; sourceTree = "<group>"; };
		523F743D2029982B00742008 /* ReadyListTVC.swift */ = {isa = PBXFileReference; lastKnownFileType = sourcecode.swift; path = ReadyListTVC.swift; sourceTree = "<group>"; };
		523F74442029B8FB00742008 /* ReadyTextTableViewCell.swift */ = {isa = PBXFileReference; lastKnownFileType = sourcecode.swift; path = ReadyTextTableViewCell.swift; sourceTree = "<group>"; };
		523F74462029C6C900742008 /* ChooseTableViewCell.swift */ = {isa = PBXFileReference; lastKnownFileType = sourcecode.swift; path = ChooseTableViewCell.swift; sourceTree = "<group>"; };
		52628253202833B500D1CB4E /* NewListViewController.swift */ = {isa = PBXFileReference; lastKnownFileType = sourcecode.swift; path = NewListViewController.swift; sourceTree = "<group>"; };
		5262825B20287A8800D1CB4E /* CoreData.swift */ = {isa = PBXFileReference; lastKnownFileType = sourcecode.swift; path = CoreData.swift; sourceTree = "<group>"; };
		526912F02019F7D500A64709 /* SaveChekListTVC.swift */ = {isa = PBXFileReference; lastKnownFileType = sourcecode.swift; path = SaveChekListTVC.swift; sourceTree = "<group>"; };
		52AB1B5C204184C40015ED05 /* ChoiseWithUserDefaults.swift */ = {isa = PBXFileReference; lastKnownFileType = sourcecode.swift; path = ChoiseWithUserDefaults.swift; sourceTree = "<group>"; };
		52BCAB9E20230D37003AEE59 /* ChooseListTVC.swift */ = {isa = PBXFileReference; lastKnownFileType = sourcecode.swift; path = ChooseListTVC.swift; sourceTree = "<group>"; };
		52BCABA020232823003AEE59 /* MemberTVC.swift */ = {isa = PBXFileReference; lastKnownFileType = sourcecode.swift; path = MemberTVC.swift; sourceTree = "<group>"; };
		52BCABA220232AFE003AEE59 /* AddRemaindViewController.swift */ = {isa = PBXFileReference; lastKnownFileType = sourcecode.swift; path = AddRemaindViewController.swift; sourceTree = "<group>"; };
		52C5234F2033315E00CE196E /* WeatherTableViewController.swift */ = {isa = PBXFileReference; lastKnownFileType = sourcecode.swift; path = WeatherTableViewController.swift; sourceTree = "<group>"; };
		52EE186C20334E7100B6FB79 /* Weather.swift */ = {isa = PBXFileReference; lastKnownFileType = sourcecode.swift; path = Weather.swift; sourceTree = "<group>"; };
/* End PBXFileReference section */

/* Begin PBXFrameworksBuildPhase section */
		522EB4DD2018CDB700BF74AB /* Frameworks */ = {
			isa = PBXFrameworksBuildPhase;
			buildActionMask = 2147483647;
			files = (
			);
			runOnlyForDeploymentPostprocessing = 0;
		};
/* End PBXFrameworksBuildPhase section */

/* Begin PBXGroup section */
		522EB4D72018CDB700BF74AB = {
			isa = PBXGroup;
			children = (
				522EB4E22018CDB700BF74AB /* CheckList */,
				522EB4E12018CDB700BF74AB /* Products */,
			);
			sourceTree = "<group>";
		};
		522EB4E12018CDB700BF74AB /* Products */ = {
			isa = PBXGroup;
			children = (
				522EB4E02018CDB700BF74AB /* CheckList.app */,
			);
			name = Products;
			sourceTree = "<group>";
		};
		522EB4E22018CDB700BF74AB /* CheckList */ = {
			isa = PBXGroup;
			children = (
				522EB4F82018CE1500BF74AB /* FirstListViewController.swift */,
				522EB4E32018CDB700BF74AB /* AppDelegate.swift */,
				5262825B20287A8800D1CB4E /* CoreData.swift */,
				522EB4E72018CDB700BF74AB /* Main.storyboard */,
				52C52351203331CE00CE196E /* WeatherList */,
				523F743F2029989400742008 /* NewCheckList */,
				523F7440202998AF00742008 /* AddMember */,
				523F743C202997D800742008 /* Choose */,
				523F7441202998C800742008 /* SaveList */,
				522EB4ED2018CDB700BF74AB /* Assets.xcassets */,
				522EB4EF2018CDB700BF74AB /* LaunchScreen.storyboard */,
				522EB4F22018CDB700BF74AB /* Info.plist */,
				522EB4EA2018CDB700BF74AB /* CheckList.xcdatamodeld */,
			);
			path = CheckList;
			sourceTree = "<group>";
		};
		523F743C202997D800742008 /* Choose */ = {
			isa = PBXGroup;
			children = (
				523F74462029C6C900742008 /* ChooseTableViewCell.swift */,
				523F74442029B8FB00742008 /* ReadyTextTableViewCell.swift */,
				523F743D2029982B00742008 /* ReadyListTVC.swift */,
				52BCAB9E20230D37003AEE59 /* ChooseListTVC.swift */,
				523F743A202996B900742008 /* ReadyList.swift */,
				523F74382029968F00742008 /* ChooseList.swift */,
				52AB1B5C204184C40015ED05 /* ChoiseWithUserDefaults.swift */,
				5238B63D2047EE34001F16C3 /* SaveArray.swift */,
			);
			name = Choose;
			sourceTree = "<group>";
		};
		523F743F2029989400742008 /* NewCheckList */ = {
			isa = PBXGroup;
			children = (
				52628253202833B500D1CB4E /* NewListViewController.swift */,
				5223A7FD205AAE5F009C93ED /* NewTableViewCell.swift */,
			);
			name = NewCheckList;
			sourceTree = "<group>";
		};
		523F7440202998AF00742008 /* AddMember */ = {
			isa = PBXGroup;
			children = (
				52BCABA220232AFE003AEE59 /* AddRemaindViewController.swift */,
				52BCABA020232823003AEE59 /* MemberTVC.swift */,
			);
			name = AddMember;
			sourceTree = "<group>";
		};
		523F7441202998C800742008 /* SaveList */ = {
			isa = PBXGroup;
			children = (
				526912F02019F7D500A64709 /* SaveChekListTVC.swift */,
				522852C12036E9DC00C33AE8 /* SaveListTVC.swift */,
				522852C32036EAAD00C33AE8 /* Header.swift */,
				522852C52036EAC900C33AE8 /* Subtitle.swift */,
				522852C72036ED5A00C33AE8 /* HeaderTVCell.swift */,
				522852C92036EDB000C33AE8 /* SubtitleTVCell.swift */,
			);
			name = SaveList;
			sourceTree = "<group>";
		};
		52C52351203331CE00CE196E /* WeatherList */ = {
			isa = PBXGroup;
			children = (
				52C5234F2033315E00CE196E /* WeatherTableViewController.swift */,
				52EE186C20334E7100B6FB79 /* Weather.swift */,
			);
			path = WeatherList;
			sourceTree = "<group>";
		};
/* End PBXGroup section */

/* Begin PBXNativeTarget section */
		522EB4DF2018CDB700BF74AB /* CheckList */ = {
			isa = PBXNativeTarget;
			buildConfigurationList = 522EB4F52018CDB700BF74AB /* Build configuration list for PBXNativeTarget "CheckList" */;
			buildPhases = (
				522EB4DC2018CDB700BF74AB /* Sources */,
				522EB4DD2018CDB700BF74AB /* Frameworks */,
				522EB4DE2018CDB700BF74AB /* Resources */,
			);
			buildRules = (
			);
			dependencies = (
			);
			name = CheckList;
			productName = CheckList;
			productReference = 522EB4E02018CDB700BF74AB /* CheckList.app */;
			productType = "com.apple.product-type.application";
		};
/* End PBXNativeTarget section */

/* Begin PBXProject section */
		522EB4D82018CDB700BF74AB /* Project object */ = {
			isa = PBXProject;
			attributes = {
				LastSwiftUpdateCheck = 0920;
				LastUpgradeCheck = 0920;
				ORGANIZATIONNAME = dev.ios;
				TargetAttributes = {
					522EB4DF2018CDB700BF74AB = {
						CreatedOnToolsVersion = 9.2;
						ProvisioningStyle = Automatic;
					};
				};
			};
			buildConfigurationList = 522EB4DB2018CDB700BF74AB /* Build configuration list for PBXProject "CheckList" */;
			compatibilityVersion = "Xcode 8.0";
			developmentRegion = en;
			hasScannedForEncodings = 0;
			knownRegions = (
				en,
				Base,
			);
			mainGroup = 522EB4D72018CDB700BF74AB;
			productRefGroup = 522EB4E12018CDB700BF74AB /* Products */;
			projectDirPath = "";
			projectRoot = "";
			targets = (
				522EB4DF2018CDB700BF74AB /* CheckList */,
			);
		};
/* End PBXProject section */

/* Begin PBXResourcesBuildPhase section */
		522EB4DE2018CDB700BF74AB /* Resources */ = {
			isa = PBXResourcesBuildPhase;
			buildActionMask = 2147483647;
			files = (
				522EB4F12018CDB700BF74AB /* LaunchScreen.storyboard in Resources */,
				522EB4EE2018CDB700BF74AB /* Assets.xcassets in Resources */,
				522EB4E92018CDB700BF74AB /* Main.storyboard in Resources */,
			);
			runOnlyForDeploymentPostprocessing = 0;
		};
/* End PBXResourcesBuildPhase section */

/* Begin PBXSourcesBuildPhase section */
		522EB4DC2018CDB700BF74AB /* Sources */ = {
			isa = PBXSourcesBuildPhase;
			buildActionMask = 2147483647;
			files = (
				522852C42036EAAD00C33AE8 /* Header.swift in Sources */,
				52628254202833B500D1CB4E /* NewListViewController.swift in Sources */,
				5262825C20287A8800D1CB4E /* CoreData.swift in Sources */,
				52BCAB9F20230D37003AEE59 /* ChooseListTVC.swift in Sources */,
				52BCABA320232AFE003AEE59 /* AddRemaindViewController.swift in Sources */,
				52EE186D20334E7100B6FB79 /* Weather.swift in Sources */,
				522852CA2036EDB000C33AE8 /* SubtitleTVCell.swift in Sources */,
				522852C82036ED5A00C33AE8 /* HeaderTVCell.swift in Sources */,
				522EB4F92018CE1500BF74AB /* FirstListViewController.swift in Sources */,
				522852C22036E9DC00C33AE8 /* SaveListTVC.swift in Sources */,
				522EB4EC2018CDB700BF74AB /* CheckList.xcdatamodeld in Sources */,
				523F743E2029982B00742008 /* ReadyListTVC.swift in Sources */,
				5238B63E2047EE34001F16C3 /* SaveArray.swift in Sources */,
				523F74472029C6C900742008 /* ChooseTableViewCell.swift in Sources */,
				522852C62036EAC900C33AE8 /* Subtitle.swift in Sources */,
				523F74392029968F00742008 /* ChooseList.swift in Sources */,
				523F74452029B8FB00742008 /* ReadyTextTableViewCell.swift in Sources */,
				523F743B202996B900742008 /* ReadyList.swift in Sources */,
				5223A7FE205AAE5F009C93ED /* NewTableViewCell.swift in Sources */,
				522EB4E42018CDB700BF74AB /* AppDelegate.swift in Sources */,
				52C523502033315E00CE196E /* WeatherTableViewController.swift in Sources */,
				52AB1B5D204184C40015ED05 /* ChoiseWithUserDefaults.swift in Sources */,
				52BCABA120232823003AEE59 /* MemberTVC.swift in Sources */,
				526912F12019F7D500A64709 /* SaveChekListTVC.swift in Sources */,
			);
			runOnlyForDeploymentPostprocessing = 0;
		};
/* End PBXSourcesBuildPhase section */

/* Begin PBXVariantGroup section */
		522EB4E72018CDB700BF74AB /* Main.storyboard */ = {
			isa = PBXVariantGroup;
			children = (
				522EB4E82018CDB700BF74AB /* Base */,
			);
			name = Main.storyboard;
			sourceTree = "<group>";
		};
		522EB4EF2018CDB700BF74AB /* LaunchScreen.storyboard */ = {
			isa = PBXVariantGroup;
			children = (
				522EB4F02018CDB700BF74AB /* Base */,
			);
			name = LaunchScreen.storyboard;
			sourceTree = "<group>";
		};
/* End PBXVariantGroup section */

/* Begin XCBuildConfiguration section */
		522EB4F32018CDB700BF74AB /* Debug */ = {
			isa = XCBuildConfiguration;
			buildSettings = {
				ALWAYS_SEARCH_USER_PATHS = NO;
				CLANG_ANALYZER_NONNULL = YES;
				CLANG_ANALYZER_NUMBER_OBJECT_CONVERSION = YES_AGGRESSIVE;
				CLANG_CXX_LANGUAGE_STANDARD = "gnu++14";
				CLANG_CXX_LIBRARY = "libc++";
				CLANG_ENABLE_MODULES = YES;
				CLANG_ENABLE_OBJC_ARC = YES;
				CLANG_WARN_BLOCK_CAPTURE_AUTORELEASING = YES;
				CLANG_WARN_BOOL_CONVERSION = YES;
				CLANG_WARN_COMMA = YES;
				CLANG_WARN_CONSTANT_CONVERSION = YES;
				CLANG_WARN_DIRECT_OBJC_ISA_USAGE = YES_ERROR;
				CLANG_WARN_DOCUMENTATION_COMMENTS = YES;
				CLANG_WARN_EMPTY_BODY = YES;
				CLANG_WARN_ENUM_CONVERSION = YES;
				CLANG_WARN_INFINITE_RECURSION = YES;
				CLANG_WARN_INT_CONVERSION = YES;
				CLANG_WARN_NON_LITERAL_NULL_CONVERSION = YES;
				CLANG_WARN_OBJC_LITERAL_CONVERSION = YES;
				CLANG_WARN_OBJC_ROOT_CLASS = YES_ERROR;
				CLANG_WARN_RANGE_LOOP_ANALYSIS = YES;
				CLANG_WARN_STRICT_PROTOTYPES = YES;
				CLANG_WARN_SUSPICIOUS_MOVE = YES;
				CLANG_WARN_UNGUARDED_AVAILABILITY = YES_AGGRESSIVE;
				CLANG_WARN_UNREACHABLE_CODE = YES;
				CLANG_WARN__DUPLICATE_METHOD_MATCH = YES;
				CODE_SIGN_IDENTITY = "iPhone Developer";
				COPY_PHASE_STRIP = NO;
				DEBUG_INFORMATION_FORMAT = dwarf;
				ENABLE_STRICT_OBJC_MSGSEND = YES;
				ENABLE_TESTABILITY = YES;
				GCC_C_LANGUAGE_STANDARD = gnu11;
				GCC_DYNAMIC_NO_PIC = NO;
				GCC_NO_COMMON_BLOCKS = YES;
				GCC_OPTIMIZATION_LEVEL = 0;
				GCC_PREPROCESSOR_DEFINITIONS = (
					"DEBUG=1",
					"$(inherited)",
				);
				GCC_WARN_64_TO_32_BIT_CONVERSION = YES;
				GCC_WARN_ABOUT_RETURN_TYPE = YES_ERROR;
				GCC_WARN_UNDECLARED_SELECTOR = YES;
				GCC_WARN_UNINITIALIZED_AUTOS = YES_AGGRESSIVE;
				GCC_WARN_UNUSED_FUNCTION = YES;
				GCC_WARN_UNUSED_VARIABLE = YES;
				IPHONEOS_DEPLOYMENT_TARGET = 11.2;
				MTL_ENABLE_DEBUG_INFO = YES;
				ONLY_ACTIVE_ARCH = YES;
				SDKROOT = iphoneos;
				SWIFT_ACTIVE_COMPILATION_CONDITIONS = DEBUG;
				SWIFT_OPTIMIZATION_LEVEL = "-Onone";
			};
			name = Debug;
		};
		522EB4F42018CDB700BF74AB /* Release */ = {
			isa = XCBuildConfiguration;
			buildSettings = {
				ALWAYS_SEARCH_USER_PATHS = NO;
				CLANG_ANALYZER_NONNULL = YES;
				CLANG_ANALYZER_NUMBER_OBJECT_CONVERSION = YES_AGGRESSIVE;
				CLANG_CXX_LANGUAGE_STANDARD = "gnu++14";
				CLANG_CXX_LIBRARY = "libc++";
				CLANG_ENABLE_MODULES = YES;
				CLANG_ENABLE_OBJC_ARC = YES;
				CLANG_WARN_BLOCK_CAPTURE_AUTORELEASING = YES;
				CLANG_WARN_BOOL_CONVERSION = YES;
				CLANG_WARN_COMMA = YES;
				CLANG_WARN_CONSTANT_CONVERSION = YES;
				CLANG_WARN_DIRECT_OBJC_ISA_USAGE = YES_ERROR;
				CLANG_WARN_DOCUMENTATION_COMMENTS = YES;
				CLANG_WARN_EMPTY_BODY = YES;
				CLANG_WARN_ENUM_CONVERSION = YES;
				CLANG_WARN_INFINITE_RECURSION = YES;
				CLANG_WARN_INT_CONVERSION = YES;
				CLANG_WARN_NON_LITERAL_NULL_CONVERSION = YES;
				CLANG_WARN_OBJC_LITERAL_CONVERSION = YES;
				CLANG_WARN_OBJC_ROOT_CLASS = YES_ERROR;
				CLANG_WARN_RANGE_LOOP_ANALYSIS = YES;
				CLANG_WARN_STRICT_PROTOTYPES = YES;
				CLANG_WARN_SUSPICIOUS_MOVE = YES;
				CLANG_WARN_UNGUARDED_AVAILABILITY = YES_AGGRESSIVE;
				CLANG_WARN_UNREACHABLE_CODE = YES;
				CLANG_WARN__DUPLICATE_METHOD_MATCH = YES;
				CODE_SIGN_IDENTITY = "iPhone Developer";
				COPY_PHASE_STRIP = NO;
				DEBUG_INFORMATION_FORMAT = "dwarf-with-dsym";
				ENABLE_NS_ASSERTIONS = NO;
				ENABLE_STRICT_OBJC_MSGSEND = YES;
				GCC_C_LANGUAGE_STANDARD = gnu11;
				GCC_NO_COMMON_BLOCKS = YES;
				GCC_WARN_64_TO_32_BIT_CONVERSION = YES;
				GCC_WARN_ABOUT_RETURN_TYPE = YES_ERROR;
				GCC_WARN_UNDECLARED_SELECTOR = YES;
				GCC_WARN_UNINITIALIZED_AUTOS = YES_AGGRESSIVE;
				GCC_WARN_UNUSED_FUNCTION = YES;
				GCC_WARN_UNUSED_VARIABLE = YES;
				IPHONEOS_DEPLOYMENT_TARGET = 11.2;
				MTL_ENABLE_DEBUG_INFO = NO;
				SDKROOT = iphoneos;
				SWIFT_OPTIMIZATION_LEVEL = "-Owholemodule";
				VALIDATE_PRODUCT = YES;
			};
			name = Release;
		};
		522EB4F62018CDB700BF74AB /* Debug */ = {
			isa = XCBuildConfiguration;
			buildSettings = {
				ASSETCATALOG_COMPILER_APPICON_NAME = AppIcon;
				CODE_SIGN_STYLE = Automatic;
				DEVELOPMENT_TEAM = V9PL5JEXQU;
				INFOPLIST_FILE = CheckList/Info.plist;
				LD_RUNPATH_SEARCH_PATHS = "$(inherited) @executable_path/Frameworks";
				PRODUCT_BUNDLE_IDENTIFIER = notcompany.CheckList;
				PRODUCT_NAME = "$(TARGET_NAME)";
				SWIFT_VERSION = 4.0;
				TARGETED_DEVICE_FAMILY = "1,2";
			};
			name = Debug;
		};
		522EB4F72018CDB700BF74AB /* Release */ = {
			isa = XCBuildConfiguration;
			buildSettings = {
				ASSETCATALOG_COMPILER_APPICON_NAME = AppIcon;
				CODE_SIGN_STYLE = Automatic;
				DEVELOPMENT_TEAM = V9PL5JEXQU;
				INFOPLIST_FILE = CheckList/Info.plist;
				LD_RUNPATH_SEARCH_PATHS = "$(inherited) @executable_path/Frameworks";
				PRODUCT_BUNDLE_IDENTIFIER = notcompany.CheckList;
				PRODUCT_NAME = "$(TARGET_NAME)";
				SWIFT_VERSION = 4.0;
				TARGETED_DEVICE_FAMILY = "1,2";
			};
			name = Release;
		};
/* End XCBuildConfiguration section */

/* Begin XCConfigurationList section */
		522EB4DB2018CDB700BF74AB /* Build configuration list for PBXProject "CheckList" */ = {
			isa = XCConfigurationList;
			buildConfigurations = (
				522EB4F32018CDB700BF74AB /* Debug */,
				522EB4F42018CDB700BF74AB /* Release */,
			);
			defaultConfigurationIsVisible = 0;
			defaultConfigurationName = Release;
		};
		522EB4F52018CDB700BF74AB /* Build configuration list for PBXNativeTarget "CheckList" */ = {
			isa = XCConfigurationList;
			buildConfigurations = (
				522EB4F62018CDB700BF74AB /* Debug */,
				522EB4F72018CDB700BF74AB /* Release */,
			);
			defaultConfigurationIsVisible = 0;
			defaultConfigurationName = Release;
		};
/* End XCConfigurationList section */

/* Begin XCVersionGroup section */
		522EB4EA2018CDB700BF74AB /* CheckList.xcdatamodeld */ = {
			isa = XCVersionGroup;
			children = (
				522EB4EB2018CDB700BF74AB /* CheckList.xcdatamodel */,
			);
			currentVersion = 522EB4EB2018CDB700BF74AB /* CheckList.xcdatamodel */;
			path = CheckList.xcdatamodeld;
			sourceTree = "<group>";
			versionGroupType = wrapper.xcdatamodel;
		};
/* End XCVersionGroup section */
	};
	rootObject = 522EB4D82018CDB700BF74AB /* Project object */;
}
